
Microsoft Visual Studio Solution File, Format Version 12.00
# Visual Studio 2013
VisualStudioVersion = 12.0.30110.0
MinimumVisualStudioVersion = 10.0.40219.1
Project("{FAE04EC0-301F-11D3-BF4B-00C04F79EFBC}") = "面積管理システム", "面積管理システム\面積管理システム.csproj", "{DD272C44-4FFA-4AA3-B82F-2FE627D6C759}"
EndProject
Project("{FAE04EC0-301F-11D3-BF4B-00C04F79EFBC}") = "面積管理システム.Model", "面積管理システム.Model\面積管理システム.Model.csproj", "{05BDA634-8AC7-4E58-B41E-3380E7D2B7DC}"
EndProject
Project("{FAE04EC0-301F-11D3-BF4B-00C04F79EFBC}") = "面積管理システム.View", "面積管理システム.View\面積管理システム.View.csproj", "{0BF493CB-B653-4183-89EB-2961143B18DE}"
EndProject
Project("{FAE04EC0-301F-11D3-BF4B-00C04F79EFBC}") = "面積管理システム.Controller", "面積管理システム.Controller\面積管理システム.Controller.csproj", "{E82BC62A-0B00-4BD9-85DE-2A69A1BF0C4C}"
EndProject
Global
	GlobalSection(SolutionConfigurationPlatforms) = preSolution
		Debug|Any CPU = Debug|Any CPU
		Release|Any CPU = Release|Any CPU
	EndGlobalSection
	GlobalSection(ProjectConfigurationPlatforms) = postSolution
		{DD272C44-4FFA-4AA3-B82F-2FE627D6C759}.Debug|Any CPU.ActiveCfg = Debug|Any CPU
		{DD272C44-4FFA-4AA3-B82F-2FE627D6C759}.Debug|Any CPU.Build.0 = Debug|Any CPU
		{DD272C44-4FFA-4AA3-B82F-2FE627D6C759}.Release|Any CPU.ActiveCfg = Release|Any CPU
		{DD272C44-4FFA-4AA3-B82F-2FE627D6C759}.Release|Any CPU.Build.0 = Release|Any CPU
		{05BDA634-8AC7-4E58-B41E-3380E7D2B7DC}.Debug|Any CPU.ActiveCfg = Debug|Any CPU
		{05BDA634-8AC7-4E58-B41E-3380E7D2B7DC}.Debug|Any CPU.Build.0 = Debug|Any CPU
		{05BDA634-8AC7-4E58-B41E-3380E7D2B7DC}.Release|Any CPU.ActiveCfg = Release|Any CPU
		{05BDA634-8AC7-4E58-B41E-3380E7D2B7DC}.Release|Any CPU.Build.0 = Release|Any CPU
		{0BF493CB-B653-4183-89EB-2961143B18DE}.Debug|Any CPU.ActiveCfg = Debug|Any CPU
		{0BF493CB-B653-4183-89EB-2961143B18DE}.Debug|Any CPU.Build.0 = Debug|Any CPU
		{0BF493CB-B653-4183-89EB-2961143B18DE}.Release|Any CPU.ActiveCfg = Release|Any CPU
		{0BF493CB-B653-4183-89EB-2961143B18DE}.Release|Any CPU.Build.0 = Release|Any CPU
		{E82BC62A-0B00-4BD9-85DE-2A69A1BF0C4C}.Debug|Any CPU.ActiveCfg = Debug|Any CPU
		{E82BC62A-0B00-4BD9-85DE-2A69A1BF0C4C}.Debug|Any CPU.Build.0 = Debug|Any CPU
		{E82BC62A-0B00-4BD9-85DE-2A69A1BF0C4C}.Release|Any CPU.ActiveCfg = Release|Any CPU
		{E82BC62A-0B00-4BD9-85DE-2A69A1BF0C4C}.Release|Any CPU.Build.0 = Release|Any CPU
	EndGlobalSection
	GlobalSection(SolutionProperties) = preSolution
		HideSolutionNode = FALSE
	EndGlobalSection
EndGlobal
